
Microsoft Visual Studio Solution File, Format Version 12.00
# Visual Studio 2013
VisualStudioVersion = 12.0.31101.0
MinimumVisualStudioVersion = 10.0.40219.1
Project("{FAE04EC0-301F-11D3-BF4B-00C04F79EFBC}") = "SpecFlowFramwork", "SpecFlowFramwork\SpecFlowFramwork.csproj", "{5E76EA28-708C-4333-B872-1BB0F11F7427}"
EndProject
Project("{2150E333-8FDC-42A3-9474-1A3956D46DE8}") = ".nuget", ".nuget", "{193B99A2-EC77-410E-ABC1-FEA0B772745B}"
	ProjectSection(SolutionItems) = preProject
		.nuget\packages.config = .nuget\packages.config
	EndProjectSection
EndProject
Project("{FAE04EC0-301F-11D3-BF4B-00C04F79EFBC}") = "Example", "Example\Example.csproj", "{1FBC1A94-0271-481D-8887-53446EBE3AC4}"
EndProject
Global
	GlobalSection(SolutionConfigurationPlatforms) = preSolution
		Debug|Any CPU = Debug|Any CPU
		Release|Any CPU = Release|Any CPU
	EndGlobalSection
	GlobalSection(ProjectConfigurationPlatforms) = postSolution
		{5E76EA28-708C-4333-B872-1BB0F11F7427}.Debug|Any CPU.ActiveCfg = Debug|Any CPU
		{5E76EA28-708C-4333-B872-1BB0F11F7427}.Debug|Any CPU.Build.0 = Debug|Any CPU
		{5E76EA28-708C-4333-B872-1BB0F11F7427}.Release|Any CPU.ActiveCfg = Release|Any CPU
		{5E76EA28-708C-4333-B872-1BB0F11F7427}.Release|Any CPU.Build.0 = Release|Any CPU
		{1FBC1A94-0271-481D-8887-53446EBE3AC4}.Debug|Any CPU.ActiveCfg = Debug|Any CPU
		{1FBC1A94-0271-481D-8887-53446EBE3AC4}.Debug|Any CPU.Build.0 = Debug|Any CPU
		{1FBC1A94-0271-481D-8887-53446EBE3AC4}.Release|Any CPU.ActiveCfg = Release|Any CPU
		{1FBC1A94-0271-481D-8887-53446EBE3AC4}.Release|Any CPU.Build.0 = Release|Any CPU
	EndGlobalSection
	GlobalSection(SolutionProperties) = preSolution
		HideSolutionNode = FALSE
	EndGlobalSection
EndGlobal
